
Microsoft Visual Studio Solution File, Format Version 12.00
# Visual Studio Version 17
VisualStudioVersion = 17.11.35327.3
MinimumVisualStudioVersion = 10.0.40219.1
Project("{FAE04EC0-301F-11D3-BF4B-00C04F79EFBC}") = "nuget-victor-test", "nuget-victor-test\nuget-victor-test.csproj", "{59FF54B2-0F8F-49BE-BE9A-68740C4DB8B6}"
EndProject
Global
	GlobalSection(SolutionConfigurationPlatforms) = preSolution
		Debug|Any CPU = Debug|Any CPU
		Release|Any CPU = Release|Any CPU
	EndGlobalSection
	GlobalSection(ProjectConfigurationPlatforms) = postSolution
		{59FF54B2-0F8F-49BE-BE9A-68740C4DB8B6}.Debug|Any CPU.ActiveCfg = Debug|Any CPU
		{59FF54B2-0F8F-49BE-BE9A-68740C4DB8B6}.Debug|Any CPU.Build.0 = Debug|Any CPU
		{59FF54B2-0F8F-49BE-BE9A-68740C4DB8B6}.Release|Any CPU.ActiveCfg = Release|Any CPU
		{59FF54B2-0F8F-49BE-BE9A-68740C4DB8B6}.Release|Any CPU.Build.0 = Release|Any CPU
	EndGlobalSection
	GlobalSection(SolutionProperties) = preSolution
		HideSolutionNode = FALSE
	EndGlobalSection
	GlobalSection(ExtensibilityGlobals) = postSolution
		SolutionGuid = {C426F85F-73A5-47DC-BCD8-59A46DDE4ED7}
	EndGlobalSection
EndGlobal
